// !$*UTF8*$!
{
	archiveVersion = 1;
	classes = {
	};
	objectVersion = 46;
	objects = {

/* Begin PBXBuildFile section */
		4B1AA7811EE0103E00D48741 /* YCPortraitPlayerVM.m in Sources */ = {isa = PBXBuildFile; fileRef = 4B1AA7801EE0103E00D48741 /* YCPortraitPlayerVM.m */; };
		4B1AA7841EE0109C00D48741 /* YCLandscapePlayerVM.m in Sources */ = {isa = PBXBuildFile; fileRef = 4B1AA7831EE0109C00D48741 /* YCLandscapePlayerVM.m */; };
		4B1AA7871EE0113E00D48741 /* YCLandscapePlayerView.m in Sources */ = {isa = PBXBuildFile; fileRef = 4B1AA7861EE0113E00D48741 /* YCLandscapePlayerView.m */; };
		4B1AA78A1EE0116900D48741 /* YCPortraitPlayerView.m in Sources */ = {isa = PBXBuildFile; fileRef = 4B1AA7891EE0116900D48741 /* YCPortraitPlayerView.m */; };
		4B2462841ED2B726000D1363 /* YCAVPlayerView.m in Sources */ = {isa = PBXBuildFile; fileRef = 4B2462831ED2B726000D1363 /* YCAVPlayerView.m */; };
		4B2462871ED2C702000D1363 /* YCAVPlayerVM.m in Sources */ = {isa = PBXBuildFile; fileRef = 4B2462861ED2C702000D1363 /* YCAVPlayerVM.m */; };
		4B24628A1ED2CDF8000D1363 /* AVFoundation.framework in Frameworks */ = {isa = PBXBuildFile; fileRef = 4B2462891ED2CDF8000D1363 /* AVFoundation.framework */; };
		4B52326E1EE11A9C004D1522 /* YCGestureFloatView.m in Sources */ = {isa = PBXBuildFile; fileRef = 4B52326D1EE11A9C004D1522 /* YCGestureFloatView.m */; };
		4B5232721EE13B11004D1522 /* YCGestureFloatVM.m in Sources */ = {isa = PBXBuildFile; fileRef = 4B5232711EE13B11004D1522 /* YCGestureFloatVM.m */; };
		4B5FFD351ECAED1100940B9F /* ReadonlyObjWrapper.m in Sources */ = {isa = PBXBuildFile; fileRef = 4B5FFD341ECAED1100940B9F /* ReadonlyObjWrapper.m */; };
		4B5FFD391ECAF5E400940B9F /* Tools.m in Sources */ = {isa = PBXBuildFile; fileRef = 4B5FFD381ECAF5E400940B9F /* Tools.m */; };
		4B5FFD3F1ECB0F1E00940B9F /* ComponentPropsWrapper.m in Sources */ = {isa = PBXBuildFile; fileRef = 4B5FFD3E1ECB0F1E00940B9F /* ComponentPropsWrapper.m */; };
		4B5FFD481ECC230F00940B9F /* ComponentPropsBuilder.m in Sources */ = {isa = PBXBuildFile; fileRef = 4B5FFD471ECC230F00940B9F /* ComponentPropsBuilder.m */; };
		4B6FBC5F1EE3F34700325867 /* YCAVPlayerComponent.m in Sources */ = {isa = PBXBuildFile; fileRef = 4B6FBC5E1EE3F34700325867 /* YCAVPlayerComponent.m */; };
		4BBD8DC71ECC668100AD6234 /* StateStore.m in Sources */ = {isa = PBXBuildFile; fileRef = 4BBD8DC61ECC668100AD6234 /* StateStore.m */; };
		4BBD8DCA1ECC66D200AD6234 /* StoreStatesWrapper.m in Sources */ = {isa = PBXBuildFile; fileRef = 4BBD8DC91ECC66D200AD6234 /* StoreStatesWrapper.m */; };
		4BBD8DCD1ECC671D00AD6234 /* StoreAction.m in Sources */ = {isa = PBXBuildFile; fileRef = 4BBD8DCC1ECC671D00AD6234 /* StoreAction.m */; };
		4BBD8DD01ECC673200AD6234 /* StoreDispatcher.m in Sources */ = {isa = PBXBuildFile; fileRef = 4BBD8DCF1ECC673200AD6234 /* StoreDispatcher.m */; };
		4BBD8DD31ECC674B00AD6234 /* StoreReducer.m in Sources */ = {isa = PBXBuildFile; fileRef = 4BBD8DD21ECC674B00AD6234 /* StoreReducer.m */; };
		4BF55D6B1EE4F5CC002A770B /* YCGestureFloatComponet.m in Sources */ = {isa = PBXBuildFile; fileRef = 4BF55D6A1EE4F5CC002A770B /* YCGestureFloatComponet.m */; };
		4BF55D6E1EE4F8AE002A770B /* YCPortraitPlayerComponent.m in Sources */ = {isa = PBXBuildFile; fileRef = 4BF55D6D1EE4F8AE002A770B /* YCPortraitPlayerComponent.m */; };
		4BF55D711EE51560002A770B /* YCTeacherShowPlayerComponent.m in Sources */ = {isa = PBXBuildFile; fileRef = 4BF55D701EE51560002A770B /* YCTeacherShowPlayerComponent.m */; };
		4BF55D741EE5159D002A770B /* YCLandscapePlayerComponent.m in Sources */ = {isa = PBXBuildFile; fileRef = 4BF55D731EE5159D002A770B /* YCLandscapePlayerComponent.m */; };
		4BF55D771EE516C5002A770B /* YCTeacherShowPlayerView.m in Sources */ = {isa = PBXBuildFile; fileRef = 4BF55D761EE516C5002A770B /* YCTeacherShowPlayerView.m */; };
		4BF55D7A1EE516DF002A770B /* YCTeacherShowPlayerVM.m in Sources */ = {isa = PBXBuildFile; fileRef = 4BF55D791EE516DF002A770B /* YCTeacherShowPlayerVM.m */; };
		4BF55D7D1EE6459A002A770B /* YCSwitchPlayerStateComponent.m in Sources */ = {isa = PBXBuildFile; fileRef = 4BF55D7C1EE6459A002A770B /* YCSwitchPlayerStateComponent.m */; };
		4BF55D801EE64C30002A770B /* YCSwitchPlayerStateVM.m in Sources */ = {isa = PBXBuildFile; fileRef = 4BF55D7F1EE64C30002A770B /* YCSwitchPlayerStateVM.m */; };
		4BF55D831EE64DA1002A770B /* YCSwitchPlayerStateView.m in Sources */ = {isa = PBXBuildFile; fileRef = 4BF55D821EE64DA1002A770B /* YCSwitchPlayerStateView.m */; };
		4BF55D861EE68C9A002A770B /* YCPopUpFloatComponent.m in Sources */ = {isa = PBXBuildFile; fileRef = 4BF55D851EE68C9A002A770B /* YCPopUpFloatComponent.m */; };
		4BF55D891EE6902C002A770B /* YCPopUpFloatVM.m in Sources */ = {isa = PBXBuildFile; fileRef = 4BF55D881EE6902C002A770B /* YCPopUpFloatVM.m */; };
		4BF55D8C1EE6903F002A770B /* YCPopUpFloatView.m in Sources */ = {isa = PBXBuildFile; fileRef = 4BF55D8B1EE6903F002A770B /* YCPopUpFloatView.m */; };
		4BF7D2ED1EC9AA9800A9E5F4 /* main.m in Sources */ = {isa = PBXBuildFile; fileRef = 4BF7D2EC1EC9AA9800A9E5F4 /* main.m */; };
		4BF7D2F01EC9AA9800A9E5F4 /* AppDelegate.m in Sources */ = {isa = PBXBuildFile; fileRef = 4BF7D2EF1EC9AA9800A9E5F4 /* AppDelegate.m */; };
		4BF7D2F31EC9AA9800A9E5F4 /* ViewController.m in Sources */ = {isa = PBXBuildFile; fileRef = 4BF7D2F21EC9AA9800A9E5F4 /* ViewController.m */; };
		4BF7D2F61EC9AA9800A9E5F4 /* Main.storyboard in Resources */ = {isa = PBXBuildFile; fileRef = 4BF7D2F41EC9AA9800A9E5F4 /* Main.storyboard */; };
		4BF7D2F81EC9AA9800A9E5F4 /* Assets.xcassets in Resources */ = {isa = PBXBuildFile; fileRef = 4BF7D2F71EC9AA9800A9E5F4 /* Assets.xcassets */; };
		4BF7D2FB1EC9AA9800A9E5F4 /* LaunchScreen.storyboard in Resources */ = {isa = PBXBuildFile; fileRef = 4BF7D2F91EC9AA9800A9E5F4 /* LaunchScreen.storyboard */; };
		4BF7D3091ECAA0E000A9E5F4 /* Componentable.m in Sources */ = {isa = PBXBuildFile; fileRef = 4BF7D3081ECAA0E000A9E5F4 /* Componentable.m */; };
		4BF7D30C1ECAA13200A9E5F4 /* ViewModel.m in Sources */ = {isa = PBXBuildFile; fileRef = 4BF7D30B1ECAA13200A9E5F4 /* ViewModel.m */; };
		8ADA35EEA346292E7738D252 /* libPods-testModule.a in Frameworks */ = {isa = PBXBuildFile; fileRef = FDF4C8FD2B27E11190271376 /* libPods-testModule.a */; };
/* End PBXBuildFile section */

/* Begin PBXFileReference section */
		3CBFD0DEAEC98128ABDD438E /* Pods-testModule.debug.xcconfig */ = {isa = PBXFileReference; includeInIndex = 1; lastKnownFileType = text.xcconfig; name = "Pods-testModule.debug.xcconfig"; path = "Pods/Target Support Files/Pods-testModule/Pods-testModule.debug.xcconfig"; sourceTree = "<group>"; };
		4B1AA77F1EE0103E00D48741 /* YCPortraitPlayerVM.h */ = {isa = PBXFileReference; fileEncoding = 4; lastKnownFileType = sourcecode.c.h; name = YCPortraitPlayerVM.h; path = components/YCPortraitPlayerVM.h; sourceTree = "<group>"; };
		4B1AA7801EE0103E00D48741 /* YCPortraitPlayerVM.m */ = {isa = PBXFileReference; fileEncoding = 4; lastKnownFileType = sourcecode.c.objc; name = YCPortraitPlayerVM.m; path = components/YCPortraitPlayerVM.m; sourceTree = "<group>"; };
		4B1AA7821EE0109C00D48741 /* YCLandscapePlayerVM.h */ = {isa = PBXFileReference; fileEncoding = 4; lastKnownFileType = sourcecode.c.h; name = YCLandscapePlayerVM.h; path = components/YCLandscapePlayerVM.h; sourceTree = "<group>"; };
		4B1AA7831EE0109C00D48741 /* YCLandscapePlayerVM.m */ = {isa = PBXFileReference; fileEncoding = 4; lastKnownFileType = sourcecode.c.objc; name = YCLandscapePlayerVM.m; path = components/YCLandscapePlayerVM.m; sourceTree = "<group>"; };
		4B1AA7851EE0113E00D48741 /* YCLandscapePlayerView.h */ = {isa = PBXFileReference; fileEncoding = 4; lastKnownFileType = sourcecode.c.h; name = YCLandscapePlayerView.h; path = components/YCLandscapePlayerView.h; sourceTree = "<group>"; };
		4B1AA7861EE0113E00D48741 /* YCLandscapePlayerView.m */ = {isa = PBXFileReference; fileEncoding = 4; lastKnownFileType = sourcecode.c.objc; name = YCLandscapePlayerView.m; path = components/YCLandscapePlayerView.m; sourceTree = "<group>"; };
		4B1AA7881EE0116900D48741 /* YCPortraitPlayerView.h */ = {isa = PBXFileReference; fileEncoding = 4; lastKnownFileType = sourcecode.c.h; name = YCPortraitPlayerView.h; path = components/YCPortraitPlayerView.h; sourceTree = "<group>"; };
		4B1AA7891EE0116900D48741 /* YCPortraitPlayerView.m */ = {isa = PBXFileReference; fileEncoding = 4; lastKnownFileType = sourcecode.c.objc; name = YCPortraitPlayerView.m; path = components/YCPortraitPlayerView.m; sourceTree = "<group>"; };
		4B2462821ED2B726000D1363 /* YCAVPlayerView.h */ = {isa = PBXFileReference; fileEncoding = 4; lastKnownFileType = sourcecode.c.h; name = YCAVPlayerView.h; path = components/YCAVPlayerView.h; sourceTree = "<group>"; };
		4B2462831ED2B726000D1363 /* YCAVPlayerView.m */ = {isa = PBXFileReference; fileEncoding = 4; lastKnownFileType = sourcecode.c.objc; name = YCAVPlayerView.m; path = components/YCAVPlayerView.m; sourceTree = "<group>"; };
		4B2462851ED2C702000D1363 /* YCAVPlayerVM.h */ = {isa = PBXFileReference; fileEncoding = 4; lastKnownFileType = sourcecode.c.h; name = YCAVPlayerVM.h; path = components/YCAVPlayerVM.h; sourceTree = "<group>"; };
		4B2462861ED2C702000D1363 /* YCAVPlayerVM.m */ = {isa = PBXFileReference; fileEncoding = 4; lastKnownFileType = sourcecode.c.objc; name = YCAVPlayerVM.m; path = components/YCAVPlayerVM.m; sourceTree = "<group>"; };
		4B2462891ED2CDF8000D1363 /* AVFoundation.framework */ = {isa = PBXFileReference; lastKnownFileType = wrapper.framework; name = AVFoundation.framework; path = System/Library/Frameworks/AVFoundation.framework; sourceTree = SDKROOT; };
		4B52326C1EE11A9C004D1522 /* YCGestureFloatView.h */ = {isa = PBXFileReference; fileEncoding = 4; lastKnownFileType = sourcecode.c.h; name = YCGestureFloatView.h; path = components/YCGestureFloatView.h; sourceTree = "<group>"; };
		4B52326D1EE11A9C004D1522 /* YCGestureFloatView.m */ = {isa = PBXFileReference; fileEncoding = 4; lastKnownFileType = sourcecode.c.objc; name = YCGestureFloatView.m; path = components/YCGestureFloatView.m; sourceTree = "<group>"; };
		4B5232701EE13B11004D1522 /* YCGestureFloatVM.h */ = {isa = PBXFileReference; fileEncoding = 4; lastKnownFileType = sourcecode.c.h; name = YCGestureFloatVM.h; path = components/YCGestureFloatVM.h; sourceTree = "<group>"; };
		4B5232711EE13B11004D1522 /* YCGestureFloatVM.m */ = {isa = PBXFileReference; fileEncoding = 4; lastKnownFileType = sourcecode.c.objc; name = YCGestureFloatVM.m; path = components/YCGestureFloatVM.m; sourceTree = "<group>"; };
		4B5FFD331ECAED1100940B9F /* ReadonlyObjWrapper.h */ = {isa = PBXFileReference; fileEncoding = 4; lastKnownFileType = sourcecode.c.h; name = ReadonlyObjWrapper.h; path = source/ReadonlyObjWrapper.h; sourceTree = "<group>"; };
		4B5FFD341ECAED1100940B9F /* ReadonlyObjWrapper.m */ = {isa = PBXFileReference; fileEncoding = 4; lastKnownFileType = sourcecode.c.objc; name = ReadonlyObjWrapper.m; path = source/ReadonlyObjWrapper.m; sourceTree = "<group>"; };
		4B5FFD371ECAF5E400940B9F /* Tools.h */ = {isa = PBXFileReference; fileEncoding = 4; lastKnownFileType = sourcecode.c.h; name = Tools.h; path = source/Tools.h; sourceTree = "<group>"; };
		4B5FFD381ECAF5E400940B9F /* Tools.m */ = {isa = PBXFileReference; fileEncoding = 4; lastKnownFileType = sourcecode.c.objc; name = Tools.m; path = source/Tools.m; sourceTree = "<group>"; };
		4B5FFD3D1ECB0F1E00940B9F /* ComponentPropsWrapper.h */ = {isa = PBXFileReference; fileEncoding = 4; lastKnownFileType = sourcecode.c.h; name = ComponentPropsWrapper.h; path = source/ComponentPropsWrapper.h; sourceTree = "<group>"; };
		4B5FFD3E1ECB0F1E00940B9F /* ComponentPropsWrapper.m */ = {isa = PBXFileReference; fileEncoding = 4; lastKnownFileType = sourcecode.c.objc; name = ComponentPropsWrapper.m; path = source/ComponentPropsWrapper.m; sourceTree = "<group>"; };
		4B5FFD461ECC230F00940B9F /* ComponentPropsBuilder.h */ = {isa = PBXFileReference; fileEncoding = 4; lastKnownFileType = sourcecode.c.h; name = ComponentPropsBuilder.h; path = source/ComponentPropsBuilder.h; sourceTree = "<group>"; };
		4B5FFD471ECC230F00940B9F /* ComponentPropsBuilder.m */ = {isa = PBXFileReference; fileEncoding = 4; lastKnownFileType = sourcecode.c.objc; name = ComponentPropsBuilder.m; path = source/ComponentPropsBuilder.m; sourceTree = "<group>"; };
		4B6FBC5D1EE3F34700325867 /* YCAVPlayerComponent.h */ = {isa = PBXFileReference; fileEncoding = 4; lastKnownFileType = sourcecode.c.h; name = YCAVPlayerComponent.h; path = components/YCAVPlayerComponent.h; sourceTree = "<group>"; };
		4B6FBC5E1EE3F34700325867 /* YCAVPlayerComponent.m */ = {isa = PBXFileReference; fileEncoding = 4; lastKnownFileType = sourcecode.c.objc; name = YCAVPlayerComponent.m; path = components/YCAVPlayerComponent.m; sourceTree = "<group>"; };
		4BBD8DC51ECC668100AD6234 /* StateStore.h */ = {isa = PBXFileReference; fileEncoding = 4; lastKnownFileType = sourcecode.c.h; name = StateStore.h; path = source/StateStore.h; sourceTree = "<group>"; };
		4BBD8DC61ECC668100AD6234 /* StateStore.m */ = {isa = PBXFileReference; fileEncoding = 4; lastKnownFileType = sourcecode.c.objc; name = StateStore.m; path = source/StateStore.m; sourceTree = "<group>"; };
		4BBD8DC81ECC66D200AD6234 /* StoreStatesWrapper.h */ = {isa = PBXFileReference; fileEncoding = 4; lastKnownFileType = sourcecode.c.h; name = StoreStatesWrapper.h; path = source/StoreStatesWrapper.h; sourceTree = "<group>"; };
		4BBD8DC91ECC66D200AD6234 /* StoreStatesWrapper.m */ = {isa = PBXFileReference; fileEncoding = 4; lastKnownFileType = sourcecode.c.objc; name = StoreStatesWrapper.m; path = source/StoreStatesWrapper.m; sourceTree = "<group>"; };
		4BBD8DCB1ECC671D00AD6234 /* StoreAction.h */ = {isa = PBXFileReference; fileEncoding = 4; lastKnownFileType = sourcecode.c.h; name = StoreAction.h; path = source/StoreAction.h; sourceTree = "<group>"; };
		4BBD8DCC1ECC671D00AD6234 /* StoreAction.m */ = {isa = PBXFileReference; fileEncoding = 4; lastKnownFileType = sourcecode.c.objc; name = StoreAction.m; path = source/StoreAction.m; sourceTree = "<group>"; };
		4BBD8DCE1ECC673200AD6234 /* StoreDispatcher.h */ = {isa = PBXFileReference; fileEncoding = 4; lastKnownFileType = sourcecode.c.h; name = StoreDispatcher.h; path = source/StoreDispatcher.h; sourceTree = "<group>"; };
		4BBD8DCF1ECC673200AD6234 /* StoreDispatcher.m */ = {isa = PBXFileReference; fileEncoding = 4; lastKnownFileType = sourcecode.c.objc; name = StoreDispatcher.m; path = source/StoreDispatcher.m; sourceTree = "<group>"; };
		4BBD8DD11ECC674B00AD6234 /* StoreReducer.h */ = {isa = PBXFileReference; fileEncoding = 4; lastKnownFileType = sourcecode.c.h; name = StoreReducer.h; path = source/StoreReducer.h; sourceTree = "<group>"; };
		4BBD8DD21ECC674B00AD6234 /* StoreReducer.m */ = {isa = PBXFileReference; fileEncoding = 4; lastKnownFileType = sourcecode.c.objc; name = StoreReducer.m; path = source/StoreReducer.m; sourceTree = "<group>"; };
		4BF55D691EE4F5CC002A770B /* YCGestureFloatComponet.h */ = {isa = PBXFileReference; fileEncoding = 4; lastKnownFileType = sourcecode.c.h; name = YCGestureFloatComponet.h; path = components/YCGestureFloatComponet.h; sourceTree = "<group>"; };
		4BF55D6A1EE4F5CC002A770B /* YCGestureFloatComponet.m */ = {isa = PBXFileReference; fileEncoding = 4; lastKnownFileType = sourcecode.c.objc; name = YCGestureFloatComponet.m; path = components/YCGestureFloatComponet.m; sourceTree = "<group>"; };
		4BF55D6C1EE4F8AE002A770B /* YCPortraitPlayerComponent.h */ = {isa = PBXFileReference; fileEncoding = 4; lastKnownFileType = sourcecode.c.h; name = YCPortraitPlayerComponent.h; path = components/YCPortraitPlayerComponent.h; sourceTree = "<group>"; };
		4BF55D6D1EE4F8AE002A770B /* YCPortraitPlayerComponent.m */ = {isa = PBXFileReference; fileEncoding = 4; lastKnownFileType = sourcecode.c.objc; name = YCPortraitPlayerComponent.m; path = components/YCPortraitPlayerComponent.m; sourceTree = "<group>"; };
		4BF55D6F1EE51560002A770B /* YCTeacherShowPlayerComponent.h */ = {isa = PBXFileReference; fileEncoding = 4; lastKnownFileType = sourcecode.c.h; name = YCTeacherShowPlayerComponent.h; path = components/YCTeacherShowPlayerComponent.h; sourceTree = "<group>"; };
		4BF55D701EE51560002A770B /* YCTeacherShowPlayerComponent.m */ = {isa = PBXFileReference; fileEncoding = 4; lastKnownFileType = sourcecode.c.objc; name = YCTeacherShowPlayerComponent.m; path = components/YCTeacherShowPlayerComponent.m; sourceTree = "<group>"; };
		4BF55D721EE5159D002A770B /* YCLandscapePlayerComponent.h */ = {isa = PBXFileReference; fileEncoding = 4; lastKnownFileType = sourcecode.c.h; name = YCLandscapePlayerComponent.h; path = components/YCLandscapePlayerComponent.h; sourceTree = "<group>"; };
		4BF55D731EE5159D002A770B /* YCLandscapePlayerComponent.m */ = {isa = PBXFileReference; fileEncoding = 4; lastKnownFileType = sourcecode.c.objc; name = YCLandscapePlayerComponent.m; path = components/YCLandscapePlayerComponent.m; sourceTree = "<group>"; };
		4BF55D751EE516C5002A770B /* YCTeacherShowPlayerView.h */ = {isa = PBXFileReference; fileEncoding = 4; lastKnownFileType = sourcecode.c.h; name = YCTeacherShowPlayerView.h; path = components/YCTeacherShowPlayerView.h; sourceTree = "<group>"; };
		4BF55D761EE516C5002A770B /* YCTeacherShowPlayerView.m */ = {isa = PBXFileReference; fileEncoding = 4; lastKnownFileType = sourcecode.c.objc; name = YCTeacherShowPlayerView.m; path = components/YCTeacherShowPlayerView.m; sourceTree = "<group>"; };
		4BF55D781EE516DF002A770B /* YCTeacherShowPlayerVM.h */ = {isa = PBXFileReference; fileEncoding = 4; lastKnownFileType = sourcecode.c.h; name = YCTeacherShowPlayerVM.h; path = components/YCTeacherShowPlayerVM.h; sourceTree = "<group>"; };
		4BF55D791EE516DF002A770B /* YCTeacherShowPlayerVM.m */ = {isa = PBXFileReference; fileEncoding = 4; lastKnownFileType = sourcecode.c.objc; name = YCTeacherShowPlayerVM.m; path = components/YCTeacherShowPlayerVM.m; sourceTree = "<group>"; };
		4BF55D7B1EE6459A002A770B /* YCSwitchPlayerStateComponent.h */ = {isa = PBXFileReference; fileEncoding = 4; lastKnownFileType = sourcecode.c.h; name = YCSwitchPlayerStateComponent.h; path = components/YCSwitchPlayerStateComponent.h; sourceTree = "<group>"; };
		4BF55D7C1EE6459A002A770B /* YCSwitchPlayerStateComponent.m */ = {isa = PBXFileReference; fileEncoding = 4; lastKnownFileType = sourcecode.c.objc; name = YCSwitchPlayerStateComponent.m; path = components/YCSwitchPlayerStateComponent.m; sourceTree = "<group>"; };
		4BF55D7E1EE64C30002A770B /* YCSwitchPlayerStateVM.h */ = {isa = PBXFileReference; fileEncoding = 4; lastKnownFileType = sourcecode.c.h; name = YCSwitchPlayerStateVM.h; path = components/YCSwitchPlayerStateVM.h; sourceTree = "<group>"; };
		4BF55D7F1EE64C30002A770B /* YCSwitchPlayerStateVM.m */ = {isa = PBXFileReference; fileEncoding = 4; lastKnownFileType = sourcecode.c.objc; name = YCSwitchPlayerStateVM.m; path = components/YCSwitchPlayerStateVM.m; sourceTree = "<group>"; };
		4BF55D811EE64DA1002A770B /* YCSwitchPlayerStateView.h */ = {isa = PBXFileReference; fileEncoding = 4; lastKnownFileType = sourcecode.c.h; name = YCSwitchPlayerStateView.h; path = components/YCSwitchPlayerStateView.h; sourceTree = "<group>"; };
		4BF55D821EE64DA1002A770B /* YCSwitchPlayerStateView.m */ = {isa = PBXFileReference; fileEncoding = 4; lastKnownFileType = sourcecode.c.objc; name = YCSwitchPlayerStateView.m; path = components/YCSwitchPlayerStateView.m; sourceTree = "<group>"; };
		4BF55D841EE68C9A002A770B /* YCPopUpFloatComponent.h */ = {isa = PBXFileReference; fileEncoding = 4; lastKnownFileType = sourcecode.c.h; name = YCPopUpFloatComponent.h; path = components/YCPopUpFloatComponent.h; sourceTree = "<group>"; };
		4BF55D851EE68C9A002A770B /* YCPopUpFloatComponent.m */ = {isa = PBXFileReference; fileEncoding = 4; lastKnownFileType = sourcecode.c.objc; name = YCPopUpFloatComponent.m; path = components/YCPopUpFloatComponent.m; sourceTree = "<group>"; };
		4BF55D871EE6902C002A770B /* YCPopUpFloatVM.h */ = {isa = PBXFileReference; fileEncoding = 4; lastKnownFileType = sourcecode.c.h; name = YCPopUpFloatVM.h; path = components/YCPopUpFloatVM.h; sourceTree = "<group>"; };
		4BF55D881EE6902C002A770B /* YCPopUpFloatVM.m */ = {isa = PBXFileReference; fileEncoding = 4; lastKnownFileType = sourcecode.c.objc; name = YCPopUpFloatVM.m; path = components/YCPopUpFloatVM.m; sourceTree = "<group>"; };
		4BF55D8A1EE6903F002A770B /* YCPopUpFloatView.h */ = {isa = PBXFileReference; fileEncoding = 4; lastKnownFileType = sourcecode.c.h; name = YCPopUpFloatView.h; path = components/YCPopUpFloatView.h; sourceTree = "<group>"; };
		4BF55D8B1EE6903F002A770B /* YCPopUpFloatView.m */ = {isa = PBXFileReference; fileEncoding = 4; lastKnownFileType = sourcecode.c.objc; name = YCPopUpFloatView.m; path = components/YCPopUpFloatView.m; sourceTree = "<group>"; };
		4BF7D2E81EC9AA9800A9E5F4 /* testModule.app */ = {isa = PBXFileReference; explicitFileType = wrapper.application; includeInIndex = 0; path = testModule.app; sourceTree = BUILT_PRODUCTS_DIR; };
		4BF7D2EC1EC9AA9800A9E5F4 /* main.m */ = {isa = PBXFileReference; lastKnownFileType = sourcecode.c.objc; path = main.m; sourceTree = "<group>"; };
		4BF7D2EE1EC9AA9800A9E5F4 /* AppDelegate.h */ = {isa = PBXFileReference; lastKnownFileType = sourcecode.c.h; path = AppDelegate.h; sourceTree = "<group>"; };
		4BF7D2EF1EC9AA9800A9E5F4 /* AppDelegate.m */ = {isa = PBXFileReference; lastKnownFileType = sourcecode.c.objc; path = AppDelegate.m; sourceTree = "<group>"; };
		4BF7D2F11EC9AA9800A9E5F4 /* ViewController.h */ = {isa = PBXFileReference; lastKnownFileType = sourcecode.c.h; path = ViewController.h; sourceTree = "<group>"; };
		4BF7D2F21EC9AA9800A9E5F4 /* ViewController.m */ = {isa = PBXFileReference; lastKnownFileType = sourcecode.c.objc; path = ViewController.m; sourceTree = "<group>"; };
		4BF7D2F51EC9AA9800A9E5F4 /* Base */ = {isa = PBXFileReference; lastKnownFileType = file.storyboard; name = Base; path = Base.lproj/Main.storyboard; sourceTree = "<group>"; };
		4BF7D2F71EC9AA9800A9E5F4 /* Assets.xcassets */ = {isa = PBXFileReference; lastKnownFileType = folder.assetcatalog; path = Assets.xcassets; sourceTree = "<group>"; };
		4BF7D2FA1EC9AA9800A9E5F4 /* Base */ = {isa = PBXFileReference; lastKnownFileType = file.storyboard; name = Base; path = Base.lproj/LaunchScreen.storyboard; sourceTree = "<group>"; };
		4BF7D2FC1EC9AA9800A9E5F4 /* Info.plist */ = {isa = PBXFileReference; lastKnownFileType = text.plist.xml; path = Info.plist; sourceTree = "<group>"; };
		4BF7D3071ECAA0E000A9E5F4 /* Componentable.h */ = {isa = PBXFileReference; fileEncoding = 4; lastKnownFileType = sourcecode.c.h; name = Componentable.h; path = source/Componentable.h; sourceTree = "<group>"; };
		4BF7D3081ECAA0E000A9E5F4 /* Componentable.m */ = {isa = PBXFileReference; fileEncoding = 4; lastKnownFileType = sourcecode.c.objc; name = Componentable.m; path = source/Componentable.m; sourceTree = "<group>"; };
		4BF7D30A1ECAA13200A9E5F4 /* ViewModel.h */ = {isa = PBXFileReference; fileEncoding = 4; lastKnownFileType = sourcecode.c.h; path = ViewModel.h; sourceTree = "<group>"; };
		4BF7D30B1ECAA13200A9E5F4 /* ViewModel.m */ = {isa = PBXFileReference; fileEncoding = 4; lastKnownFileType = sourcecode.c.objc; path = ViewModel.m; sourceTree = "<group>"; };
		A062F862ED5800714B742525 /* Pods-testModule.release.xcconfig */ = {isa = PBXFileReference; includeInIndex = 1; lastKnownFileType = text.xcconfig; name = "Pods-testModule.release.xcconfig"; path = "Pods/Target Support Files/Pods-testModule/Pods-testModule.release.xcconfig"; sourceTree = "<group>"; };
		FDF4C8FD2B27E11190271376 /* libPods-testModule.a */ = {isa = PBXFileReference; explicitFileType = archive.ar; includeInIndex = 0; path = "libPods-testModule.a"; sourceTree = BUILT_PRODUCTS_DIR; };
/* End PBXFileReference section */

/* Begin PBXFrameworksBuildPhase section */
		4BF7D2E51EC9AA9800A9E5F4 /* Frameworks */ = {
			isa = PBXFrameworksBuildPhase;
			buildActionMask = 2147483647;
			files = (
				4B24628A1ED2CDF8000D1363 /* AVFoundation.framework in Frameworks */,
				8ADA35EEA346292E7738D252 /* libPods-testModule.a in Frameworks */,
			);
			runOnlyForDeploymentPostprocessing = 0;
		};
/* End PBXFrameworksBuildPhase section */

/* Begin PBXGroup section */
		4B18889B1ECE9F6C00E339AA /* YCVideoPlayer */ = {
			isa = PBXGroup;
			children = (
				4B6FBC5C1EE3DEEF00325867 /* components */,
				4B18889E1ECE9F8B00E339AA /* viewmodels */,
				4B18889D1ECE9F8500E339AA /* views */,
			);
			name = YCVideoPlayer;
			sourceTree = "<group>";
		};
		4B18889D1ECE9F8500E339AA /* views */ = {
			isa = PBXGroup;
			children = (
				4B52326B1EE114E5004D1522 /* common */,
				4BF55D751EE516C5002A770B /* YCTeacherShowPlayerView.h */,
				4BF55D761EE516C5002A770B /* YCTeacherShowPlayerView.m */,
			);
			name = views;
			sourceTree = "<group>";
		};
		4B18889E1ECE9F8B00E339AA /* viewmodels */ = {
			isa = PBXGroup;
			children = (
				4B52326F1EE13A7D004D1522 /* common */,
				4BF55D781EE516DF002A770B /* YCTeacherShowPlayerVM.h */,
				4BF55D791EE516DF002A770B /* YCTeacherShowPlayerVM.m */,
			);
			name = viewmodels;
			sourceTree = "<group>";
		};
		4B52326B1EE114E5004D1522 /* common */ = {
			isa = PBXGroup;
			children = (
				4B2462821ED2B726000D1363 /* YCAVPlayerView.h */,
				4B2462831ED2B726000D1363 /* YCAVPlayerView.m */,
				4B52326C1EE11A9C004D1522 /* YCGestureFloatView.h */,
				4B52326D1EE11A9C004D1522 /* YCGestureFloatView.m */,
				4BF55D8A1EE6903F002A770B /* YCPopUpFloatView.h */,
				4BF55D8B1EE6903F002A770B /* YCPopUpFloatView.m */,
				4BF55D811EE64DA1002A770B /* YCSwitchPlayerStateView.h */,
				4BF55D821EE64DA1002A770B /* YCSwitchPlayerStateView.m */,
				4B1AA7881EE0116900D48741 /* YCPortraitPlayerView.h */,
				4B1AA7891EE0116900D48741 /* YCPortraitPlayerView.m */,
				4B1AA7851EE0113E00D48741 /* YCLandscapePlayerView.h */,
				4B1AA7861EE0113E00D48741 /* YCLandscapePlayerView.m */,
			);
			name = common;
			sourceTree = "<group>";
		};
		4B52326F1EE13A7D004D1522 /* common */ = {
			isa = PBXGroup;
			children = (
				4B2462851ED2C702000D1363 /* YCAVPlayerVM.h */,
				4B2462861ED2C702000D1363 /* YCAVPlayerVM.m */,
				4B5232701EE13B11004D1522 /* YCGestureFloatVM.h */,
				4B5232711EE13B11004D1522 /* YCGestureFloatVM.m */,
				4BF55D871EE6902C002A770B /* YCPopUpFloatVM.h */,
				4BF55D881EE6902C002A770B /* YCPopUpFloatVM.m */,
				4BF55D7E1EE64C30002A770B /* YCSwitchPlayerStateVM.h */,
				4BF55D7F1EE64C30002A770B /* YCSwitchPlayerStateVM.m */,
				4B1AA77F1EE0103E00D48741 /* YCPortraitPlayerVM.h */,
				4B1AA7801EE0103E00D48741 /* YCPortraitPlayerVM.m */,
				4B1AA7821EE0109C00D48741 /* YCLandscapePlayerVM.h */,
				4B1AA7831EE0109C00D48741 /* YCLandscapePlayerVM.m */,
			);
			name = common;
			sourceTree = "<group>";
		};
		4B5FFD361ECAF59500940B9F /* Utils */ = {
			isa = PBXGroup;
			children = (
				4B5FFD371ECAF5E400940B9F /* Tools.h */,
				4B5FFD381ECAF5E400940B9F /* Tools.m */,
				4B5FFD331ECAED1100940B9F /* ReadonlyObjWrapper.h */,
				4B5FFD341ECAED1100940B9F /* ReadonlyObjWrapper.m */,
			);
			name = Utils;
			sourceTree = "<group>";
		};
		4B6FBC5C1EE3DEEF00325867 /* components */ = {
			isa = PBXGroup;
			children = (
				4BF55D681EE4F597002A770B /* common */,
				4BF55D6F1EE51560002A770B /* YCTeacherShowPlayerComponent.h */,
				4BF55D701EE51560002A770B /* YCTeacherShowPlayerComponent.m */,
			);
			name = components;
			sourceTree = "<group>";
		};
		4BF55D681EE4F597002A770B /* common */ = {
			isa = PBXGroup;
			children = (
				4B6FBC5D1EE3F34700325867 /* YCAVPlayerComponent.h */,
				4B6FBC5E1EE3F34700325867 /* YCAVPlayerComponent.m */,
				4BF55D691EE4F5CC002A770B /* YCGestureFloatComponet.h */,
				4BF55D6A1EE4F5CC002A770B /* YCGestureFloatComponet.m */,
				4BF55D841EE68C9A002A770B /* YCPopUpFloatComponent.h */,
				4BF55D851EE68C9A002A770B /* YCPopUpFloatComponent.m */,
				4BF55D7B1EE6459A002A770B /* YCSwitchPlayerStateComponent.h */,
				4BF55D7C1EE6459A002A770B /* YCSwitchPlayerStateComponent.m */,
				4BF55D6C1EE4F8AE002A770B /* YCPortraitPlayerComponent.h */,
				4BF55D6D1EE4F8AE002A770B /* YCPortraitPlayerComponent.m */,
				4BF55D721EE5159D002A770B /* YCLandscapePlayerComponent.h */,
				4BF55D731EE5159D002A770B /* YCLandscapePlayerComponent.m */,
			);
			name = common;
			sourceTree = "<group>";
		};
		4BF7D2DF1EC9AA9800A9E5F4 = {
			isa = PBXGroup;
			children = (
				4BF7D2EA1EC9AA9800A9E5F4 /* testModule */,
				4BF7D2E91EC9AA9800A9E5F4 /* Products */,
				58D3F5487D2C9D93E51C2CEF /* Pods */,
				F77EA4DB7AA942E5AB9E508A /* Frameworks */,
			);
			sourceTree = "<group>";
		};
		4BF7D2E91EC9AA9800A9E5F4 /* Products */ = {
			isa = PBXGroup;
			children = (
				4BF7D2E81EC9AA9800A9E5F4 /* testModule.app */,
			);
			name = Products;
			sourceTree = "<group>";
		};
		4BF7D2EA1EC9AA9800A9E5F4 /* testModule */ = {
			isa = PBXGroup;
			children = (
				4B18889B1ECE9F6C00E339AA /* YCVideoPlayer */,
				4B5FFD361ECAF59500940B9F /* Utils */,
				4BF7D3061EC9ABE500A9E5F4 /* Componentable */,
				4BF7D3051EC9ABD000A9E5F4 /* Modulable */,
				4BF7D3031EC9AB9200A9E5F4 /* StateStore */,
				4BF7D2EE1EC9AA9800A9E5F4 /* AppDelegate.h */,
				4BF7D2EF1EC9AA9800A9E5F4 /* AppDelegate.m */,
				4BF7D2F11EC9AA9800A9E5F4 /* ViewController.h */,
				4BF7D2F21EC9AA9800A9E5F4 /* ViewController.m */,
				4BF7D30A1ECAA13200A9E5F4 /* ViewModel.h */,
				4BF7D30B1ECAA13200A9E5F4 /* ViewModel.m */,
				4BF7D2F41EC9AA9800A9E5F4 /* Main.storyboard */,
				4BF7D2F71EC9AA9800A9E5F4 /* Assets.xcassets */,
				4BF7D2F91EC9AA9800A9E5F4 /* LaunchScreen.storyboard */,
				4BF7D2FC1EC9AA9800A9E5F4 /* Info.plist */,
				4BF7D2EB1EC9AA9800A9E5F4 /* Supporting Files */,
			);
			path = testModule;
			sourceTree = "<group>";
		};
		4BF7D2EB1EC9AA9800A9E5F4 /* Supporting Files */ = {
			isa = PBXGroup;
			children = (
				4BF7D2EC1EC9AA9800A9E5F4 /* main.m */,
			);
			name = "Supporting Files";
			sourceTree = "<group>";
		};
		4BF7D3031EC9AB9200A9E5F4 /* StateStore */ = {
			isa = PBXGroup;
			children = (
				4BBD8DC51ECC668100AD6234 /* StateStore.h */,
				4BBD8DC61ECC668100AD6234 /* StateStore.m */,
				4BBD8DC81ECC66D200AD6234 /* StoreStatesWrapper.h */,
				4BBD8DC91ECC66D200AD6234 /* StoreStatesWrapper.m */,
				4BBD8DCB1ECC671D00AD6234 /* StoreAction.h */,
				4BBD8DCC1ECC671D00AD6234 /* StoreAction.m */,
				4BBD8DCE1ECC673200AD6234 /* StoreDispatcher.h */,
				4BBD8DCF1ECC673200AD6234 /* StoreDispatcher.m */,
				4BBD8DD11ECC674B00AD6234 /* StoreReducer.h */,
				4BBD8DD21ECC674B00AD6234 /* StoreReducer.m */,
			);
			name = StateStore;
			sourceTree = "<group>";
		};
		4BF7D3051EC9ABD000A9E5F4 /* Modulable */ = {
			isa = PBXGroup;
			children = (
			);
			name = Modulable;
			sourceTree = "<group>";
		};
		4BF7D3061EC9ABE500A9E5F4 /* Componentable */ = {
			isa = PBXGroup;
			children = (
				4BF7D3071ECAA0E000A9E5F4 /* Componentable.h */,
				4BF7D3081ECAA0E000A9E5F4 /* Componentable.m */,
				4B5FFD3D1ECB0F1E00940B9F /* ComponentPropsWrapper.h */,
				4B5FFD3E1ECB0F1E00940B9F /* ComponentPropsWrapper.m */,
				4B5FFD461ECC230F00940B9F /* ComponentPropsBuilder.h */,
				4B5FFD471ECC230F00940B9F /* ComponentPropsBuilder.m */,
			);
			name = Componentable;
			sourceTree = "<group>";
		};
		58D3F5487D2C9D93E51C2CEF /* Pods */ = {
			isa = PBXGroup;
			children = (
				3CBFD0DEAEC98128ABDD438E /* Pods-testModule.debug.xcconfig */,
				A062F862ED5800714B742525 /* Pods-testModule.release.xcconfig */,
			);
			name = Pods;
			sourceTree = "<group>";
		};
		F77EA4DB7AA942E5AB9E508A /* Frameworks */ = {
			isa = PBXGroup;
			children = (
				4B2462891ED2CDF8000D1363 /* AVFoundation.framework */,
				FDF4C8FD2B27E11190271376 /* libPods-testModule.a */,
			);
			name = Frameworks;
			sourceTree = "<group>";
		};
/* End PBXGroup section */

/* Begin PBXNativeTarget section */
		4BF7D2E71EC9AA9800A9E5F4 /* testModule */ = {
			isa = PBXNativeTarget;
			buildConfigurationList = 4BF7D2FF1EC9AA9800A9E5F4 /* Build configuration list for PBXNativeTarget "testModule" */;
			buildPhases = (
				34B71C0BE9F247464191704B /* [CP] Check Pods Manifest.lock */,
				4BF7D2E41EC9AA9800A9E5F4 /* Sources */,
				4BF7D2E51EC9AA9800A9E5F4 /* Frameworks */,
				4BF7D2E61EC9AA9800A9E5F4 /* Resources */,
				C9C55E93DC52092E19FF69C0 /* [CP] Embed Pods Frameworks */,
				6FFD15AFA514672AD8705374 /* [CP] Copy Pods Resources */,
			);
			buildRules = (
			);
			dependencies = (
			);
			name = testModule;
			productName = testModule;
			productReference = 4BF7D2E81EC9AA9800A9E5F4 /* testModule.app */;
			productType = "com.apple.product-type.application";
		};
/* End PBXNativeTarget section */

/* Begin PBXProject section */
		4BF7D2E01EC9AA9800A9E5F4 /* Project object */ = {
			isa = PBXProject;
			attributes = {
				LastUpgradeCheck = 0830;
				ORGANIZATIONNAME = fuhan;
				TargetAttributes = {
					4BF7D2E71EC9AA9800A9E5F4 = {
						CreatedOnToolsVersion = 8.3.2;
						ProvisioningStyle = Automatic;
					};
				};
			};
			buildConfigurationList = 4BF7D2E31EC9AA9800A9E5F4 /* Build configuration list for PBXProject "testModule" */;
			compatibilityVersion = "Xcode 3.2";
			developmentRegion = English;
			hasScannedForEncodings = 0;
			knownRegions = (
				en,
				Base,
			);
			mainGroup = 4BF7D2DF1EC9AA9800A9E5F4;
			productRefGroup = 4BF7D2E91EC9AA9800A9E5F4 /* Products */;
			projectDirPath = "";
			projectRoot = "";
			targets = (
				4BF7D2E71EC9AA9800A9E5F4 /* testModule */,
			);
		};
/* End PBXProject section */

/* Begin PBXResourcesBuildPhase section */
		4BF7D2E61EC9AA9800A9E5F4 /* Resources */ = {
			isa = PBXResourcesBuildPhase;
			buildActionMask = 2147483647;
			files = (
				4BF7D2FB1EC9AA9800A9E5F4 /* LaunchScreen.storyboard in Resources */,
				4BF7D2F81EC9AA9800A9E5F4 /* Assets.xcassets in Resources */,
				4BF7D2F61EC9AA9800A9E5F4 /* Main.storyboard in Resources */,
			);
			runOnlyForDeploymentPostprocessing = 0;
		};
/* End PBXResourcesBuildPhase section */

/* Begin PBXShellScriptBuildPhase section */
		34B71C0BE9F247464191704B /* [CP] Check Pods Manifest.lock */ = {
			isa = PBXShellScriptBuildPhase;
			buildActionMask = 2147483647;
			files = (
			);
			inputPaths = (
			);
			name = "[CP] Check Pods Manifest.lock";
			outputPaths = (
			);
			runOnlyForDeploymentPostprocessing = 0;
			shellPath = /bin/sh;
			shellScript = "diff \"${PODS_ROOT}/../Podfile.lock\" \"${PODS_ROOT}/Manifest.lock\" > /dev/null\nif [ $? != 0 ] ; then\n    # print error to STDERR\n    echo \"error: The sandbox is not in sync with the Podfile.lock. Run 'pod install' or update your CocoaPods installation.\" >&2\n    exit 1\nfi\n";
			showEnvVarsInLog = 0;
		};
		6FFD15AFA514672AD8705374 /* [CP] Copy Pods Resources */ = {
			isa = PBXShellScriptBuildPhase;
			buildActionMask = 2147483647;
			files = (
			);
			inputPaths = (
			);
			name = "[CP] Copy Pods Resources";
			outputPaths = (
			);
			runOnlyForDeploymentPostprocessing = 0;
			shellPath = /bin/sh;
			shellScript = "\"${SRCROOT}/Pods/Target Support Files/Pods-testModule/Pods-testModule-resources.sh\"\n";
			showEnvVarsInLog = 0;
		};
		C9C55E93DC52092E19FF69C0 /* [CP] Embed Pods Frameworks */ = {
			isa = PBXShellScriptBuildPhase;
			buildActionMask = 2147483647;
			files = (
			);
			inputPaths = (
			);
			name = "[CP] Embed Pods Frameworks";
			outputPaths = (
			);
			runOnlyForDeploymentPostprocessing = 0;
			shellPath = /bin/sh;
			shellScript = "\"${SRCROOT}/Pods/Target Support Files/Pods-testModule/Pods-testModule-frameworks.sh\"\n";
			showEnvVarsInLog = 0;
		};
/* End PBXShellScriptBuildPhase section */

/* Begin PBXSourcesBuildPhase section */
		4BF7D2E41EC9AA9800A9E5F4 /* Sources */ = {
			isa = PBXSourcesBuildPhase;
			buildActionMask = 2147483647;
			files = (
				4B2462871ED2C702000D1363 /* YCAVPlayerVM.m in Sources */,
				4BBD8DD31ECC674B00AD6234 /* StoreReducer.m in Sources */,
				4B6FBC5F1EE3F34700325867 /* YCAVPlayerComponent.m in Sources */,
				4B52326E1EE11A9C004D1522 /* YCGestureFloatView.m in Sources */,
				4BF55D801EE64C30002A770B /* YCSwitchPlayerStateVM.m in Sources */,
				4BF55D6E1EE4F8AE002A770B /* YCPortraitPlayerComponent.m in Sources */,
				4B5FFD481ECC230F00940B9F /* ComponentPropsBuilder.m in Sources */,
				4B5FFD391ECAF5E400940B9F /* Tools.m in Sources */,
				4BF7D2F31EC9AA9800A9E5F4 /* ViewController.m in Sources */,
				4BF7D3091ECAA0E000A9E5F4 /* Componentable.m in Sources */,
				4BBD8DCA1ECC66D200AD6234 /* StoreStatesWrapper.m in Sources */,
				4BF55D831EE64DA1002A770B /* YCSwitchPlayerStateView.m in Sources */,
				4BF55D891EE6902C002A770B /* YCPopUpFloatVM.m in Sources */,
				4BF7D30C1ECAA13200A9E5F4 /* ViewModel.m in Sources */,
				4BBD8DC71ECC668100AD6234 /* StateStore.m in Sources */,
				4BF7D2F01EC9AA9800A9E5F4 /* AppDelegate.m in Sources */,
				4BF55D711EE51560002A770B /* YCTeacherShowPlayerComponent.m in Sources */,
				4BF7D2ED1EC9AA9800A9E5F4 /* main.m in Sources */,
				4B2462841ED2B726000D1363 /* YCAVPlayerView.m in Sources */,
				4B1AA7841EE0109C00D48741 /* YCLandscapePlayerVM.m in Sources */,
				4B1AA7871EE0113E00D48741 /* YCLandscapePlayerView.m in Sources */,
				4BF55D771EE516C5002A770B /* YCTeacherShowPlayerView.m in Sources */,
				4B1AA7811EE0103E00D48741 /* YCPortraitPlayerVM.m in Sources */,
				4B5FFD351ECAED1100940B9F /* ReadonlyObjWrapper.m in Sources */,
				4BF55D741EE5159D002A770B /* YCLandscapePlayerComponent.m in Sources */,
				4BF55D7A1EE516DF002A770B /* YCTeacherShowPlayerVM.m in Sources */,
				4BF55D8C1EE6903F002A770B /* YCPopUpFloatView.m in Sources */,
				4BF55D861EE68C9A002A770B /* YCPopUpFloatComponent.m in Sources */,
				4B5FFD3F1ECB0F1E00940B9F /* ComponentPropsWrapper.m in Sources */,
				4B5232721EE13B11004D1522 /* YCGestureFloatVM.m in Sources */,
				4B1AA78A1EE0116900D48741 /* YCPortraitPlayerView.m in Sources */,
				4BF55D6B1EE4F5CC002A770B /* YCGestureFloatComponet.m in Sources */,
				4BBD8DCD1ECC671D00AD6234 /* StoreAction.m in Sources */,
				4BF55D7D1EE6459A002A770B /* YCSwitchPlayerStateComponent.m in Sources */,
				4BBD8DD01ECC673200AD6234 /* StoreDispatcher.m in Sources */,
			);
			runOnlyForDeploymentPostprocessing = 0;
		};
/* End PBXSourcesBuildPhase section */

/* Begin PBXVariantGroup section */
		4BF7D2F41EC9AA9800A9E5F4 /* Main.storyboard */ = {
			isa = PBXVariantGroup;
			children = (
				4BF7D2F51EC9AA9800A9E5F4 /* Base */,
			);
			name = Main.storyboard;
			sourceTree = "<group>";
		};
		4BF7D2F91EC9AA9800A9E5F4 /* LaunchScreen.storyboard */ = {
			isa = PBXVariantGroup;
			children = (
				4BF7D2FA1EC9AA9800A9E5F4 /* Base */,
			);
			name = LaunchScreen.storyboard;
			sourceTree = "<group>";
		};
/* End PBXVariantGroup section */

/* Begin XCBuildConfiguration section */
		4BF7D2FD1EC9AA9800A9E5F4 /* Debug */ = {
			isa = XCBuildConfiguration;
			buildSettings = {
				ALWAYS_SEARCH_USER_PATHS = NO;
				CLANG_ANALYZER_NONNULL = YES;
				CLANG_ANALYZER_NUMBER_OBJECT_CONVERSION = YES_AGGRESSIVE;
				CLANG_CXX_LANGUAGE_STANDARD = "gnu++0x";
				CLANG_CXX_LIBRARY = "libc++";
				CLANG_ENABLE_MODULES = YES;
				CLANG_ENABLE_OBJC_ARC = YES;
				CLANG_WARN_BOOL_CONVERSION = YES;
				CLANG_WARN_CONSTANT_CONVERSION = YES;
				CLANG_WARN_DIRECT_OBJC_ISA_USAGE = YES_ERROR;
				CLANG_WARN_DOCUMENTATION_COMMENTS = YES;
				CLANG_WARN_EMPTY_BODY = YES;
				CLANG_WARN_ENUM_CONVERSION = YES;
				CLANG_WARN_INFINITE_RECURSION = YES;
				CLANG_WARN_INT_CONVERSION = YES;
				CLANG_WARN_OBJC_ROOT_CLASS = YES_ERROR;
				CLANG_WARN_SUSPICIOUS_MOVE = YES;
				CLANG_WARN_UNREACHABLE_CODE = YES;
				CLANG_WARN__DUPLICATE_METHOD_MATCH = YES;
				"CODE_SIGN_IDENTITY[sdk=iphoneos*]" = "iPhone Developer";
				COPY_PHASE_STRIP = NO;
				DEBUG_INFORMATION_FORMAT = dwarf;
				ENABLE_STRICT_OBJC_MSGSEND = YES;
				ENABLE_TESTABILITY = YES;
				GCC_C_LANGUAGE_STANDARD = gnu99;
				GCC_DYNAMIC_NO_PIC = NO;
				GCC_NO_COMMON_BLOCKS = YES;
				GCC_OPTIMIZATION_LEVEL = 0;
				GCC_PREPROCESSOR_DEFINITIONS = (
					"DEBUG=1",
					"$(inherited)",
				);
				GCC_WARN_64_TO_32_BIT_CONVERSION = YES;
				GCC_WARN_ABOUT_RETURN_TYPE = YES_ERROR;
				GCC_WARN_UNDECLARED_SELECTOR = YES;
				GCC_WARN_UNINITIALIZED_AUTOS = YES_AGGRESSIVE;
				GCC_WARN_UNUSED_FUNCTION = YES;
				GCC_WARN_UNUSED_VARIABLE = YES;
				IPHONEOS_DEPLOYMENT_TARGET = 10.3;
				MTL_ENABLE_DEBUG_INFO = YES;
				ONLY_ACTIVE_ARCH = YES;
				SDKROOT = iphoneos;
			};
			name = Debug;
		};
		4BF7D2FE1EC9AA9800A9E5F4 /* Release */ = {
			isa = XCBuildConfiguration;
			buildSettings = {
				ALWAYS_SEARCH_USER_PATHS = NO;
				CLANG_ANALYZER_NONNULL = YES;
				CLANG_ANALYZER_NUMBER_OBJECT_CONVERSION = YES_AGGRESSIVE;
				CLANG_CXX_LANGUAGE_STANDARD = "gnu++0x";
				CLANG_CXX_LIBRARY = "libc++";
				CLANG_ENABLE_MODULES = YES;
				CLANG_ENABLE_OBJC_ARC = YES;
				CLANG_WARN_BOOL_CONVERSION = YES;
				CLANG_WARN_CONSTANT_CONVERSION = YES;
				CLANG_WARN_DIRECT_OBJC_ISA_USAGE = YES_ERROR;
				CLANG_WARN_DOCUMENTATION_COMMENTS = YES;
				CLANG_WARN_EMPTY_BODY = YES;
				CLANG_WARN_ENUM_CONVERSION = YES;
				CLANG_WARN_INFINITE_RECURSION = YES;
				CLANG_WARN_INT_CONVERSION = YES;
				CLANG_WARN_OBJC_ROOT_CLASS = YES_ERROR;
				CLANG_WARN_SUSPICIOUS_MOVE = YES;
				CLANG_WARN_UNREACHABLE_CODE = YES;
				CLANG_WARN__DUPLICATE_METHOD_MATCH = YES;
				"CODE_SIGN_IDENTITY[sdk=iphoneos*]" = "iPhone Developer";
				COPY_PHASE_STRIP = NO;
				DEBUG_INFORMATION_FORMAT = "dwarf-with-dsym";
				ENABLE_NS_ASSERTIONS = NO;
				ENABLE_STRICT_OBJC_MSGSEND = YES;
				GCC_C_LANGUAGE_STANDARD = gnu99;
				GCC_NO_COMMON_BLOCKS = YES;
				GCC_WARN_64_TO_32_BIT_CONVERSION = YES;
				GCC_WARN_ABOUT_RETURN_TYPE = YES_ERROR;
				GCC_WARN_UNDECLARED_SELECTOR = YES;
				GCC_WARN_UNINITIALIZED_AUTOS = YES_AGGRESSIVE;
				GCC_WARN_UNUSED_FUNCTION = YES;
				GCC_WARN_UNUSED_VARIABLE = YES;
				IPHONEOS_DEPLOYMENT_TARGET = 10.3;
				MTL_ENABLE_DEBUG_INFO = NO;
				SDKROOT = iphoneos;
				VALIDATE_PRODUCT = YES;
			};
			name = Release;
		};
		4BF7D3001EC9AA9800A9E5F4 /* Debug */ = {
			isa = XCBuildConfiguration;
			baseConfigurationReference = 3CBFD0DEAEC98128ABDD438E /* Pods-testModule.debug.xcconfig */;
			buildSettings = {
				ASSETCATALOG_COMPILER_APPICON_NAME = AppIcon;
				INFOPLIST_FILE = testModule/Info.plist;
				LD_RUNPATH_SEARCH_PATHS = "$(inherited) @executable_path/Frameworks";
				PRODUCT_BUNDLE_IDENTIFIER = tv.guanghe.testModule;
				PRODUCT_NAME = "$(TARGET_NAME)";
			};
			name = Debug;
		};
		4BF7D3011EC9AA9800A9E5F4 /* Release */ = {
			isa = XCBuildConfiguration;
			baseConfigurationReference = A062F862ED5800714B742525 /* Pods-testModule.release.xcconfig */;
			buildSettings = {
				ASSETCATALOG_COMPILER_APPICON_NAME = AppIcon;
				INFOPLIST_FILE = testModule/Info.plist;
				LD_RUNPATH_SEARCH_PATHS = "$(inherited) @executable_path/Frameworks";
				PRODUCT_BUNDLE_IDENTIFIER = tv.guanghe.testModule;
				PRODUCT_NAME = "$(TARGET_NAME)";
			};
			name = Release;
		};
/* End XCBuildConfiguration section */

/* Begin XCConfigurationList section */
		4BF7D2E31EC9AA9800A9E5F4 /* Build configuration list for PBXProject "testModule" */ = {
			isa = XCConfigurationList;
			buildConfigurations = (
				4BF7D2FD1EC9AA9800A9E5F4 /* Debug */,
				4BF7D2FE1EC9AA9800A9E5F4 /* Release */,
			);
			defaultConfigurationIsVisible = 0;
			defaultConfigurationName = Release;
		};
		4BF7D2FF1EC9AA9800A9E5F4 /* Build configuration list for PBXNativeTarget "testModule" */ = {
			isa = XCConfigurationList;
			buildConfigurations = (
				4BF7D3001EC9AA9800A9E5F4 /* Debug */,
				4BF7D3011EC9AA9800A9E5F4 /* Release */,
			);
			defaultConfigurationIsVisible = 0;
			defaultConfigurationName = Release;
		};
/* End XCConfigurationList section */
	};
	rootObject = 4BF7D2E01EC9AA9800A9E5F4 /* Project object */;
}
